
Microsoft Visual Studio Solution File, Format Version 12.00
# Visual Studio Version 16
VisualStudioVersion = 16.0.31702.278
MinimumVisualStudioVersion = 10.0.40219.1
Project("{FAE04EC0-301F-11D3-BF4B-00C04F79EFBC}") = "lab4WpfApp", "lab4WpfApp\lab4WpfApp.csproj", "{075352F6-168F-413E-8FC1-F0A296951641}"
EndProject
Global
	GlobalSection(SolutionConfigurationPlatforms) = preSolution
		Debug|Any CPU = Debug|Any CPU
		Release|Any CPU = Release|Any CPU
	EndGlobalSection
	GlobalSection(ProjectConfigurationPlatforms) = postSolution
		{075352F6-168F-413E-8FC1-F0A296951641}.Debug|Any CPU.ActiveCfg = Debug|Any CPU
		{075352F6-168F-413E-8FC1-F0A296951641}.Debug|Any CPU.Build.0 = Debug|Any CPU
		{075352F6-168F-413E-8FC1-F0A296951641}.Release|Any CPU.ActiveCfg = Release|Any CPU
		{075352F6-168F-413E-8FC1-F0A296951641}.Release|Any CPU.Build.0 = Release|Any CPU
	EndGlobalSection
	GlobalSection(SolutionProperties) = preSolution
		HideSolutionNode = FALSE
	EndGlobalSection
	GlobalSection(ExtensibilityGlobals) = postSolution
		SolutionGuid = {0088F204-E064-4942-8025-71844D540663}
	EndGlobalSection
EndGlobal
